<?xml version="1.0" encoding="utf-8"?>
<Project ToolsVersion="4.0" xmlns:atg="http://atg.xbox.com" xmlns="http://schemas.microsoft.com/developer/msbuild/2003">
  <ItemGroup>
    <Filter Include="Resource Files">
      <UniqueIdentifier>{8e114980-c1a3-4ada-ad7c-83caadf5daeb}</UniqueIdentifier>
      <Extensions>rc;ico;cur;bmp;dlg;rc2;rct;bin;rgs;gif;jpg;jpeg;jpe</Extensions>
    </Filter>
    <Filter Include="DXUT">
      <UniqueIdentifier>{a43c5c25-0e86-4a20-b64a-883785ff74fd}</UniqueIdentifier>
    </Filter>
    <Filter Include="Shaders">
      <UniqueIdentifier>{2c3d4c8c-5d1a-459a-a05a-a4e4b608a44e}</UniqueIdentifier>
      <Extensions>fx;fxh;hlsl</Extensions>
    </Filter>
    <Filter Include="VRRR">
      <UniqueIdentifier>{4fad0f57-6303-4909-b847-c91ee4513f2f}</UniqueIdentifier>
    </Filter>
    <Filter Include="VRRR\Camera">
      <UniqueIdentifier>{58475191-cebd-4b5a-861e-c18795f577d1}</UniqueIdentifier>
    </Filter>
    <Filter Include="VRRR\Label">
      <UniqueIdentifier>{ea49baf9-3b79-4833-a332-c3d6a18c3f92}</UniqueIdentifier>
    </Filter>
    <Filter Include="VRRR\Scene">
      <UniqueIdentifier>{db122ddd-6d53-4b4d-ba4c-4946e4dcddee}</UniqueIdentifier>
    </Filter>
    <Filter Include="VRRR\Director">
      <UniqueIdentifier>{9652461b-9b42-49ff-b55b-db69719b474f}</UniqueIdentifier>
    </Filter>
    <Filter Include="VRRR\Type">
      <UniqueIdentifier>{2ded2f4f-dc07-4642-85b7-437ac0104e76}</UniqueIdentifier>
    </Filter>
    <Filter Include="VRRR\Sprite">
      <UniqueIdentifier>{0c9fb513-49dc-458d-8919-c00ad7654907}</UniqueIdentifier>
    </Filter>
    <Filter Include="VRRR\Renderer">
      <UniqueIdentifier>{d216c610-31e2-4fe2-a772-4b6bbbb5f9f0}</UniqueIdentifier>
    </Filter>
    <Filter Include="VRRR\Texture">
      <UniqueIdentifier>{031c0ccf-1dc3-4f4a-a4ff-24c98dba3029}</UniqueIdentifier>
    </Filter>
    <Filter Include="VRRR\Node">
      <UniqueIdentifier>{9569b7f8-19ec-438d-b34f-52d0c1520a0c}</UniqueIdentifier>
    </Filter>
    <Filter Include="VRRR\Sound">
      <UniqueIdentifier>{b1161d78-42ba-4eb6-870a-43da3249d0d6}</UniqueIdentifier>
    </Filter>
  </ItemGroup>
  <ItemGroup>
    <None Include="DXUT\Optional\directx.ico">
      <Filter>Resource Files</Filter>
    </None>
    <ClInclude Include="DXUT\Core\DXUT.h">
      <Filter>DXUT</Filter>
    </ClInclude>
    <ClInclude Include="DXUT\Core\DXUTenum.h">
      <Filter>DXUT</Filter>
    </ClInclude>
    <ClInclude Include="DXUT\Core\DXUTmisc.h">
      <Filter>DXUT</Filter>
    </ClInclude>
    <ClCompile Include="DXUT\Core\DXUT.cpp">
      <Filter>DXUT</Filter>
    </ClCompile>
    <ClCompile Include="DXUT\Core\DXUTenum.cpp">
      <Filter>DXUT</Filter>
    </ClCompile>
    <ClCompile Include="DXUT\Core\DXUTmisc.cpp">
      <Filter>DXUT</Filter>
    </ClCompile>
    <ClInclude Include="DXUT\Optional\DXUTcamera.h">
      <Filter>DXUT</Filter>
    </ClInclude>
    <ClInclude Include="DXUT\Optional\DXUTgui.h">
      <Filter>DXUT</Filter>
    </ClInclude>
    <ClInclude Include="DXUT\Optional\DXUTres.h">
      <Filter>DXUT</Filter>
    </ClInclude>
    <ClInclude Include="DXUT\Optional\DXUTsettingsdlg.h">
      <Filter>DXUT</Filter>
    </ClInclude>
    <ClInclude Include="DXUT\Optional\SDKmesh.h">
      <Filter>DXUT</Filter>
    </ClInclude>
    <ClInclude Include="DXUT\Optional\SDKmisc.h">
      <Filter>DXUT</Filter>
    </ClInclude>
    <ClCompile Include="DXUT\Optional\DXUTcamera.cpp">
      <Filter>DXUT</Filter>
    </ClCompile>
    <ClCompile Include="DXUT\Optional\DXUTgui.cpp">
      <Filter>DXUT</Filter>
    </ClCompile>
    <ClCompile Include="DXUT\Optional\DXUTres.cpp">
      <Filter>DXUT</Filter>
    </ClCompile>
    <ClCompile Include="DXUT\Optional\DXUTsettingsdlg.cpp">
      <Filter>DXUT</Filter>
    </ClCompile>
    <ClCompile Include="DXUT\Optional\SDKmesh.cpp">
      <Filter>DXUT</Filter>
    </ClCompile>
    <ClCompile Include="DXUT\Optional\SDKmisc.cpp">
      <Filter>DXUT</Filter>
    </ClCompile>
  </ItemGroup>
  <ItemGroup>
    <ClCompile Include="VRRR.cpp" />
    <ClCompile Include="Camera.cpp">
      <Filter>VRRR\Camera</Filter>
    </ClCompile>
    <ClCompile Include="Director.cpp">
      <Filter>VRRR\Director</Filter>
    </ClCompile>
    <ClCompile Include="Label.cpp">
      <Filter>VRRR\Label</Filter>
    </ClCompile>
    <ClCompile Include="Sound.cpp">
      <Filter>VRRR\Sound</Filter>
    </ClCompile>
    <ClCompile Include="Node.cpp">
      <Filter>VRRR\Node</Filter>
    </ClCompile>
    <ClCompile Include="Texture.cpp">
      <Filter>VRRR\Texture</Filter>
    </ClCompile>
    <ClCompile Include="Renderer.cpp">
      <Filter>VRRR\Renderer</Filter>
    </ClCompile>
    <ClCompile Include="Sprite.cpp">
      <Filter>VRRR\Sprite</Filter>
    </ClCompile>
    <ClCompile Include="Type.cpp">
      <Filter>VRRR\Type</Filter>
    </ClCompile>
    <ClCompile Include="Scene.cpp">
      <Filter>VRRR\Scene</Filter>
    </ClCompile>
  </ItemGroup>
  <ItemGroup>
    <CLInclude Include="resource.h">
      <Filter>Resource Files</Filter>
    </CLInclude>
    <ResourceCompile Include="VRRR.rc">
      <Filter>Resource Files</Filter>
    </ResourceCompile>
    <ClInclude Include="Camera.h">
      <Filter>VRRR\Camera</Filter>
    </ClInclude>
    <ClInclude Include="Director.h">
      <Filter>VRRR\Director</Filter>
    </ClInclude>
    <ClInclude Include="Label.h">
      <Filter>VRRR\Label</Filter>
    </ClInclude>
    <ClInclude Include="Sound.h">
      <Filter>VRRR\Sound</Filter>
    </ClInclude>
    <ClInclude Include="Node.h">
      <Filter>VRRR\Node</Filter>
    </ClInclude>
    <ClInclude Include="Texture.h">
      <Filter>VRRR\Texture</Filter>
    </ClInclude>
    <ClInclude Include="Renderer.h">
      <Filter>VRRR\Renderer</Filter>
    </ClInclude>
    <ClInclude Include="Sprite.h">
      <Filter>VRRR\Sprite</Filter>
    </ClInclude>
    <ClInclude Include="Type.h">
      <Filter>VRRR\Type</Filter>
    </ClInclude>
    <ClInclude Include="Scene.h">
      <Filter>VRRR\Scene</Filter>
    </ClInclude>
  </ItemGroup>
  <ItemGroup>
  </ItemGroup>
</Project>